// !$*UTF8*$!
{
	archiveVersion = 1;
	classes = {
	};
	objectVersion = 56;
	objects = {

/* Begin PBXBuildFile section */
		054F9DFE294E3BAB00086085 /* AppDelegate.swift in Sources */ = {isa = PBXBuildFile; fileRef = 054F9DFD294E3BAB00086085 /* AppDelegate.swift */; };
		054F9E00294E3BAB00086085 /* SceneDelegate.swift in Sources */ = {isa = PBXBuildFile; fileRef = 054F9DFF294E3BAB00086085 /* SceneDelegate.swift */; };
		054F9E02294E3BAB00086085 /* MapsViewController.swift in Sources */ = {isa = PBXBuildFile; fileRef = 054F9E01294E3BAB00086085 /* MapsViewController.swift */; };
		054F9E05294E3BAB00086085 /* Main.storyboard in Resources */ = {isa = PBXBuildFile; fileRef = 054F9E03294E3BAB00086085 /* Main.storyboard */; };
		054F9E08294E3BAB00086085 /* MapApplication.xcdatamodeld in Sources */ = {isa = PBXBuildFile; fileRef = 054F9E06294E3BAB00086085 /* MapApplication.xcdatamodeld */; };
		054F9E0A294E3BAC00086085 /* Assets.xcassets in Resources */ = {isa = PBXBuildFile; fileRef = 054F9E09294E3BAC00086085 /* Assets.xcassets */; };
		054F9E0D294E3BAC00086085 /* LaunchScreen.storyboard in Resources */ = {isa = PBXBuildFile; fileRef = 054F9E0B294E3BAC00086085 /* LaunchScreen.storyboard */; };
		054F9E18294E3BAC00086085 /* MapApplicationTests.swift in Sources */ = {isa = PBXBuildFile; fileRef = 054F9E17294E3BAC00086085 /* MapApplicationTests.swift */; };
		054F9E22294E3BAC00086085 /* MapApplicationUITests.swift in Sources */ = {isa = PBXBuildFile; fileRef = 054F9E21294E3BAC00086085 /* MapApplicationUITests.swift */; };
		054F9E24294E3BAC00086085 /* MapApplicationUITestsLaunchTests.swift in Sources */ = {isa = PBXBuildFile; fileRef = 054F9E23294E3BAC00086085 /* MapApplicationUITestsLaunchTests.swift */; };
		054F9E31294E436C00086085 /* ListViewController.swift in Sources */ = {isa = PBXBuildFile; fileRef = 054F9E30294E436C00086085 /* ListViewController.swift */; };
		054F9E33294E441E00086085 /* TableViewCellList.swift in Sources */ = {isa = PBXBuildFile; fileRef = 054F9E32294E441E00086085 /* TableViewCellList.swift */; };
/* End PBXBuildFile section */

/* Begin PBXContainerItemProxy section */
		054F9E14294E3BAC00086085 /* PBXContainerItemProxy */ = {
			isa = PBXContainerItemProxy;
			containerPortal = 054F9DF2294E3BAB00086085 /* Project object */;
			proxyType = 1;
			remoteGlobalIDString = 054F9DF9294E3BAB00086085;
			remoteInfo = MapApplication;
		};
		054F9E1E294E3BAC00086085 /* PBXContainerItemProxy */ = {
			isa = PBXContainerItemProxy;
			containerPortal = 054F9DF2294E3BAB00086085 /* Project object */;
			proxyType = 1;
			remoteGlobalIDString = 054F9DF9294E3BAB00086085;
			remoteInfo = MapApplication;
		};
/* End PBXContainerItemProxy section */

/* Begin PBXFileReference section */
		054F9DFA294E3BAB00086085 /* MapApplication.app */ = {isa = PBXFileReference; explicitFileType = wrapper.application; includeInIndex = 0; path = MapApplication.app; sourceTree = BUILT_PRODUCTS_DIR; };
		054F9DFD294E3BAB00086085 /* AppDelegate.swift */ = {isa = PBXFileReference; lastKnownFileType = sourcecode.swift; path = AppDelegate.swift; sourceTree = "<group>"; };
		054F9DFF294E3BAB00086085 /* SceneDelegate.swift */ = {isa = PBXFileReference; lastKnownFileType = sourcecode.swift; path = SceneDelegate.swift; sourceTree = "<group>"; };
		054F9E01294E3BAB00086085 /* MapsViewController.swift */ = {isa = PBXFileReference; lastKnownFileType = sourcecode.swift; path = MapsViewController.swift; sourceTree = "<group>"; };
		054F9E04294E3BAB00086085 /* Base */ = {isa = PBXFileReference; lastKnownFileType = file.storyboard; name = Base; path = Base.lproj/Main.storyboard; sourceTree = "<group>"; };
		054F9E07294E3BAB00086085 /* MapApplication.xcdatamodel */ = {isa = PBXFileReference; lastKnownFileType = wrapper.xcdatamodel; path = MapApplication.xcdatamodel; sourceTree = "<group>"; };
		054F9E09294E3BAC00086085 /* Assets.xcassets */ = {isa = PBXFileReference; lastKnownFileType = folder.assetcatalog; path = Assets.xcassets; sourceTree = "<group>"; };
		054F9E0C294E3BAC00086085 /* Base */ = {isa = PBXFileReference; lastKnownFileType = file.storyboard; name = Base; path = Base.lproj/LaunchScreen.storyboard; sourceTree = "<group>"; };
		054F9E0E294E3BAC00086085 /* Info.plist */ = {isa = PBXFileReference; lastKnownFileType = text.plist.xml; path = Info.plist; sourceTree = "<group>"; };
		054F9E13294E3BAC00086085 /* MapApplicationTests.xctest */ = {isa = PBXFileReference; explicitFileType = wrapper.cfbundle; includeInIndex = 0; path = MapApplicationTests.xctest; sourceTree = BUILT_PRODUCTS_DIR; };
		054F9E17294E3BAC00086085 /* MapApplicationTests.swift */ = {isa = PBXFileReference; lastKnownFileType = sourcecode.swift; path = MapApplicationTests.swift; sourceTree = "<group>"; };
		054F9E1D294E3BAC00086085 /* MapApplicationUITests.xctest */ = {isa = PBXFileReference; explicitFileType = wrapper.cfbundle; includeInIndex = 0; path = MapApplicationUITests.xctest; sourceTree = BUILT_PRODUCTS_DIR; };
		054F9E21294E3BAC00086085 /* MapApplicationUITests.swift */ = {isa = PBXFileReference; lastKnownFileType = sourcecode.swift; path = MapApplicationUITests.swift; sourceTree = "<group>"; };
		054F9E23294E3BAC00086085 /* MapApplicationUITestsLaunchTests.swift */ = {isa = PBXFileReference; lastKnownFileType = sourcecode.swift; path = MapApplicationUITestsLaunchTests.swift; sourceTree = "<group>"; };
		054F9E30294E436C00086085 /* ListViewController.swift */ = {isa = PBXFileReference; lastKnownFileType = sourcecode.swift; path = ListViewController.swift; sourceTree = "<group>"; };
		054F9E32294E441E00086085 /* TableViewCellList.swift */ = {isa = PBXFileReference; lastKnownFileType = sourcecode.swift; path = TableViewCellList.swift; sourceTree = "<group>"; };
/* End PBXFileReference section */

/* Begin PBXFrameworksBuildPhase section */
		054F9DF7294E3BAB00086085 /* Frameworks */ = {
			isa = PBXFrameworksBuildPhase;
			buildActionMask = 2147483647;
			files = (
			);
			runOnlyForDeploymentPostprocessing = 0;
		};
		054F9E10294E3BAC00086085 /* Frameworks */ = {
			isa = PBXFrameworksBuildPhase;
			buildActionMask = 2147483647;
			files = (
			);
			runOnlyForDeploymentPostprocessing = 0;
		};
		054F9E1A294E3BAC00086085 /* Frameworks */ = {
			isa = PBXFrameworksBuildPhase;
			buildActionMask = 2147483647;
			files = (
			);
			runOnlyForDeploymentPostprocessing = 0;
		};
/* End PBXFrameworksBuildPhase section */

/* Begin PBXGroup section */
		054F9DF1294E3BAB00086085 = {
			isa = PBXGroup;
			children = (
				054F9DFC294E3BAB00086085 /* MapApplication */,
				054F9E16294E3BAC00086085 /* MapApplicationTests */,
				054F9E20294E3BAC00086085 /* MapApplicationUITests */,
				054F9DFB294E3BAB00086085 /* Products */,
			);
			sourceTree = "<group>";
		};
		054F9DFB294E3BAB00086085 /* Products */ = {
			isa = PBXGroup;
			children = (
				054F9DFA294E3BAB00086085 /* MapApplication.app */,
				054F9E13294E3BAC00086085 /* MapApplicationTests.xctest */,
				054F9E1D294E3BAC00086085 /* MapApplicationUITests.xctest */,
			);
			name = Products;
			sourceTree = "<group>";
		};
		054F9DFC294E3BAB00086085 /* MapApplication */ = {
			isa = PBXGroup;
			children = (
				054F9DFD294E3BAB00086085 /* AppDelegate.swift */,
				054F9DFF294E3BAB00086085 /* SceneDelegate.swift */,
				054F9E01294E3BAB00086085 /* MapsViewController.swift */,
				054F9E30294E436C00086085 /* ListViewController.swift */,
				054F9E32294E441E00086085 /* TableViewCellList.swift */,
				054F9E03294E3BAB00086085 /* Main.storyboard */,
				054F9E09294E3BAC00086085 /* Assets.xcassets */,
				054F9E0B294E3BAC00086085 /* LaunchScreen.storyboard */,
				054F9E0E294E3BAC00086085 /* Info.plist */,
				054F9E06294E3BAB00086085 /* MapApplication.xcdatamodeld */,
			);
			path = MapApplication;
			sourceTree = "<group>";
		};
		054F9E16294E3BAC00086085 /* MapApplicationTests */ = {
			isa = PBXGroup;
			children = (
				054F9E17294E3BAC00086085 /* MapApplicationTests.swift */,
			);
			path = MapApplicationTests;
			sourceTree = "<group>";
		};
		054F9E20294E3BAC00086085 /* MapApplicationUITests */ = {
			isa = PBXGroup;
			children = (
				054F9E21294E3BAC00086085 /* MapApplicationUITests.swift */,
				054F9E23294E3BAC00086085 /* MapApplicationUITestsLaunchTests.swift */,
			);
			path = MapApplicationUITests;
			sourceTree = "<group>";
		};
/* End PBXGroup section */

/* Begin PBXNativeTarget section */
		054F9DF9294E3BAB00086085 /* MapApplication */ = {
			isa = PBXNativeTarget;
			buildConfigurationList = 054F9E27294E3BAC00086085 /* Build configuration list for PBXNativeTarget "MapApplication" */;
			buildPhases = (
				054F9DF6294E3BAB00086085 /* Sources */,
				054F9DF7294E3BAB00086085 /* Frameworks */,
				054F9DF8294E3BAB00086085 /* Resources */,
			);
			buildRules = (
			);
			dependencies = (
			);
			name = MapApplication;
			productName = MapApplication;
			productReference = 054F9DFA294E3BAB00086085 /* MapApplication.app */;
			productType = "com.apple.product-type.application";
		};
		054F9E12294E3BAC00086085 /* MapApplicationTests */ = {
			isa = PBXNativeTarget;
			buildConfigurationList = 054F9E2A294E3BAC00086085 /* Build configuration list for PBXNativeTarget "MapApplicationTests" */;
			buildPhases = (
				054F9E0F294E3BAC00086085 /* Sources */,
				054F9E10294E3BAC00086085 /* Frameworks */,
				054F9E11294E3BAC00086085 /* Resources */,
			);
			buildRules = (
			);
			dependencies = (
				054F9E15294E3BAC00086085 /* PBXTargetDependency */,
			);
			name = MapApplicationTests;
			productName = MapApplicationTests;
			productReference = 054F9E13294E3BAC00086085 /* MapApplicationTests.xctest */;
			productType = "com.apple.product-type.bundle.unit-test";
		};
		054F9E1C294E3BAC00086085 /* MapApplicationUITests */ = {
			isa = PBXNativeTarget;
			buildConfigurationList = 054F9E2D294E3BAC00086085 /* Build configuration list for PBXNativeTarget "MapApplicationUITests" */;
			buildPhases = (
				054F9E19294E3BAC00086085 /* Sources */,
				054F9E1A294E3BAC00086085 /* Frameworks */,
				054F9E1B294E3BAC00086085 /* Resources */,
			);
			buildRules = (
			);
			dependencies = (
				054F9E1F294E3BAC00086085 /* PBXTargetDependency */,
			);
			name = MapApplicationUITests;
			productName = MapApplicationUITests;
			productReference = 054F9E1D294E3BAC00086085 /* MapApplicationUITests.xctest */;
			productType = "com.apple.product-type.bundle.ui-testing";
		};
/* End PBXNativeTarget section */

/* Begin PBXProject section */
		054F9DF2294E3BAB00086085 /* Project object */ = {
			isa = PBXProject;
			attributes = {
				BuildIndependentTargetsInParallel = 1;
				LastSwiftUpdateCheck = 1410;
				LastUpgradeCheck = 1410;
				TargetAttributes = {
					054F9DF9294E3BAB00086085 = {
						CreatedOnToolsVersion = 14.1;
					};
					054F9E12294E3BAC00086085 = {
						CreatedOnToolsVersion = 14.1;
						TestTargetID = 054F9DF9294E3BAB00086085;
					};
					054F9E1C294E3BAC00086085 = {
						CreatedOnToolsVersion = 14.1;
						TestTargetID = 054F9DF9294E3BAB00086085;
					};
				};
			};
			buildConfigurationList = 054F9DF5294E3BAB00086085 /* Build configuration list for PBXProject "MapApplication" */;
			compatibilityVersion = "Xcode 14.0";
			developmentRegion = en;
			hasScannedForEncodings = 0;
			knownRegions = (
				en,
				Base,
			);
			mainGroup = 054F9DF1294E3BAB00086085;
			productRefGroup = 054F9DFB294E3BAB00086085 /* Products */;
			projectDirPath = "";
			projectRoot = "";
			targets = (
				054F9DF9294E3BAB00086085 /* MapApplication */,
				054F9E12294E3BAC00086085 /* MapApplicationTests */,
				054F9E1C294E3BAC00086085 /* MapApplicationUITests */,
			);
		};
/* End PBXProject section */

/* Begin PBXResourcesBuildPhase section */
		054F9DF8294E3BAB00086085 /* Resources */ = {
			isa = PBXResourcesBuildPhase;
			buildActionMask = 2147483647;
			files = (
				054F9E0D294E3BAC00086085 /* LaunchScreen.storyboard in Resources */,
				054F9E0A294E3BAC00086085 /* Assets.xcassets in Resources */,
				054F9E05294E3BAB00086085 /* Main.storyboard in Resources */,
			);
			runOnlyForDeploymentPostprocessing = 0;
		};
		054F9E11294E3BAC00086085 /* Resources */ = {
			isa = PBXResourcesBuildPhase;
			buildActionMask = 2147483647;
			files = (
			);
			runOnlyForDeploymentPostprocessing = 0;
		};
		054F9E1B294E3BAC00086085 /* Resources */ = {
			isa = PBXResourcesBuildPhase;
			buildActionMask = 2147483647;
			files = (
			);
			runOnlyForDeploymentPostprocessing = 0;
		};
/* End PBXResourcesBuildPhase section */

/* Begin PBXSourcesBuildPhase section */
		054F9DF6294E3BAB00086085 /* Sources */ = {
			isa = PBXSourcesBuildPhase;
			buildActionMask = 2147483647;
			files = (
				054F9E02294E3BAB00086085 /* MapsViewController.swift in Sources */,
				054F9E33294E441E00086085 /* TableViewCellList.swift in Sources */,
				054F9E08294E3BAB00086085 /* MapApplication.xcdatamodeld in Sources */,
				054F9DFE294E3BAB00086085 /* AppDelegate.swift in Sources */,
				054F9E31294E436C00086085 /* ListViewController.swift in Sources */,
				054F9E00294E3BAB00086085 /* SceneDelegate.swift in Sources */,
			);
			runOnlyForDeploymentPostprocessing = 0;
		};
		054F9E0F294E3BAC00086085 /* Sources */ = {
			isa = PBXSourcesBuildPhase;
			buildActionMask = 2147483647;
			files = (
				054F9E18294E3BAC00086085 /* MapApplicationTests.swift in Sources */,
			);
			runOnlyForDeploymentPostprocessing = 0;
		};
		054F9E19294E3BAC00086085 /* Sources */ = {
			isa = PBXSourcesBuildPhase;
			buildActionMask = 2147483647;
			files = (
				054F9E24294E3BAC00086085 /* MapApplicationUITestsLaunchTests.swift in Sources */,
				054F9E22294E3BAC00086085 /* MapApplicationUITests.swift in Sources */,
			);
			runOnlyForDeploymentPostprocessing = 0;
		};
/* End PBXSourcesBuildPhase section */

/* Begin PBXTargetDependency section */
		054F9E15294E3BAC00086085 /* PBXTargetDependency */ = {
			isa = PBXTargetDependency;
			target = 054F9DF9294E3BAB00086085 /* MapApplication */;
			targetProxy = 054F9E14294E3BAC00086085 /* PBXContainerItemProxy */;
		};
		054F9E1F294E3BAC00086085 /* PBXTargetDependency */ = {
			isa = PBXTargetDependency;
			target = 054F9DF9294E3BAB00086085 /* MapApplication */;
			targetProxy = 054F9E1E294E3BAC00086085 /* PBXContainerItemProxy */;
		};
/* End PBXTargetDependency section */

/* Begin PBXVariantGroup section */
		054F9E03294E3BAB00086085 /* Main.storyboard */ = {
			isa = PBXVariantGroup;
			children = (
				054F9E04294E3BAB00086085 /* Base */,
			);
			name = Main.storyboard;
			sourceTree = "<group>";
		};
		054F9E0B294E3BAC00086085 /* LaunchScreen.storyboard */ = {
			isa = PBXVariantGroup;
			children = (
				054F9E0C294E3BAC00086085 /* Base */,
			);
			name = LaunchScreen.storyboard;
			sourceTree = "<group>";
		};
/* End PBXVariantGroup section */

/* Begin XCBuildConfiguration section */
		054F9E25294E3BAC00086085 /* Debug */ = {
			isa = XCBuildConfiguration;
			buildSettings = {
				ALWAYS_SEARCH_USER_PATHS = NO;
				CLANG_ANALYZER_NONNULL = YES;
				CLANG_ANALYZER_NUMBER_OBJECT_CONVERSION = YES_AGGRESSIVE;
				CLANG_CXX_LANGUAGE_STANDARD = "gnu++20";
				CLANG_ENABLE_MODULES = YES;
				CLANG_ENABLE_OBJC_ARC = YES;
				CLANG_ENABLE_OBJC_WEAK = YES;
				CLANG_WARN_BLOCK_CAPTURE_AUTORELEASING = YES;
				CLANG_WARN_BOOL_CONVERSION = YES;
				CLANG_WARN_COMMA = YES;
				CLANG_WARN_CONSTANT_CONVERSION = YES;
				CLANG_WARN_DEPRECATED_OBJC_IMPLEMENTATIONS = YES;
				CLANG_WARN_DIRECT_OBJC_ISA_USAGE = YES_ERROR;
				CLANG_WARN_DOCUMENTATION_COMMENTS = YES;
				CLANG_WARN_EMPTY_BODY = YES;
				CLANG_WARN_ENUM_CONVERSION = YES;
				CLANG_WARN_INFINITE_RECURSION = YES;
				CLANG_WARN_INT_CONVERSION = YES;
				CLANG_WARN_NON_LITERAL_NULL_CONVERSION = YES;
				CLANG_WARN_OBJC_IMPLICIT_RETAIN_SELF = YES;
				CLANG_WARN_OBJC_LITERAL_CONVERSION = YES;
				CLANG_WARN_OBJC_ROOT_CLASS = YES_ERROR;
				CLANG_WARN_QUOTED_INCLUDE_IN_FRAMEWORK_HEADER = YES;
				CLANG_WARN_RANGE_LOOP_ANALYSIS = YES;
				CLANG_WARN_STRICT_PROTOTYPES = YES;
				CLANG_WARN_SUSPICIOUS_MOVE = YES;
				CLANG_WARN_UNGUARDED_AVAILABILITY = YES_AGGRESSIVE;
				CLANG_WARN_UNREACHABLE_CODE = YES;
				CLANG_WARN__DUPLICATE_METHOD_MATCH = YES;
				COPY_PHASE_STRIP = NO;
				DEBUG_INFORMATION_FORMAT = dwarf;
				ENABLE_STRICT_OBJC_MSGSEND = YES;
				ENABLE_TESTABILITY = YES;
				GCC_C_LANGUAGE_STANDARD = gnu11;
				GCC_DYNAMIC_NO_PIC = NO;
				GCC_NO_COMMON_BLOCKS = YES;
				GCC_OPTIMIZATION_LEVEL = 0;
				GCC_PREPROCESSOR_DEFINITIONS = (
					"DEBUG=1",
					"$(inherited)",
				);
				GCC_WARN_64_TO_32_BIT_CONVERSION = YES;
				GCC_WARN_ABOUT_RETURN_TYPE = YES_ERROR;
				GCC_WARN_UNDECLARED_SELECTOR = YES;
				GCC_WARN_UNINITIALIZED_AUTOS = YES_AGGRESSIVE;
				GCC_WARN_UNUSED_FUNCTION = YES;
				GCC_WARN_UNUSED_VARIABLE = YES;
				IPHONEOS_DEPLOYMENT_TARGET = 16.1;
				MTL_ENABLE_DEBUG_INFO = INCLUDE_SOURCE;
				MTL_FAST_MATH = YES;
				ONLY_ACTIVE_ARCH = YES;
				SDKROOT = iphoneos;
				SWIFT_ACTIVE_COMPILATION_CONDITIONS = DEBUG;
				SWIFT_OPTIMIZATION_LEVEL = "-Onone";
			};
			name = Debug;
		};
		054F9E26294E3BAC00086085 /* Release */ = {
			isa = XCBuildConfiguration;
			buildSettings = {
				ALWAYS_SEARCH_USER_PATHS = NO;
				CLANG_ANALYZER_NONNULL = YES;
				CLANG_ANALYZER_NUMBER_OBJECT_CONVERSION = YES_AGGRESSIVE;
				CLANG_CXX_LANGUAGE_STANDARD = "gnu++20";
				CLANG_ENABLE_MODULES = YES;
				CLANG_ENABLE_OBJC_ARC = YES;
				CLANG_ENABLE_OBJC_WEAK = YES;
				CLANG_WARN_BLOCK_CAPTURE_AUTORELEASING = YES;
				CLANG_WARN_BOOL_CONVERSION = YES;
				CLANG_WARN_COMMA = YES;
				CLANG_WARN_CONSTANT_CONVERSION = YES;
				CLANG_WARN_DEPRECATED_OBJC_IMPLEMENTATIONS = YES;
				CLANG_WARN_DIRECT_OBJC_ISA_USAGE = YES_ERROR;
				CLANG_WARN_DOCUMENTATION_COMMENTS = YES;
				CLANG_WARN_EMPTY_BODY = YES;
				CLANG_WARN_ENUM_CONVERSION = YES;
				CLANG_WARN_INFINITE_RECURSION = YES;
				CLANG_WARN_INT_CONVERSION = YES;
				CLANG_WARN_NON_LITERAL_NULL_CONVERSION = YES;
				CLANG_WARN_OBJC_IMPLICIT_RETAIN_SELF = YES;
				CLANG_WARN_OBJC_LITERAL_CONVERSION = YES;
				CLANG_WARN_OBJC_ROOT_CLASS = YES_ERROR;
				CLANG_WARN_QUOTED_INCLUDE_IN_FRAMEWORK_HEADER = YES;
				CLANG_WARN_RANGE_LOOP_ANALYSIS = YES;
				CLANG_WARN_STRICT_PROTOTYPES = YES;
				CLANG_WARN_SUSPICIOUS_MOVE = YES;
				CLANG_WARN_UNGUARDED_AVAILABILITY = YES_AGGRESSIVE;
				CLANG_WARN_UNREACHABLE_CODE = YES;
				CLANG_WARN__DUPLICATE_METHOD_MATCH = YES;
				COPY_PHASE_STRIP = NO;
				DEBUG_INFORMATION_FORMAT = "dwarf-with-dsym";
				ENABLE_NS_ASSERTIONS = NO;
				ENABLE_STRICT_OBJC_MSGSEND = YES;
				GCC_C_LANGUAGE_STANDARD = gnu11;
				GCC_NO_COMMON_BLOCKS = YES;
				GCC_WARN_64_TO_32_BIT_CONVERSION = YES;
				GCC_WARN_ABOUT_RETURN_TYPE = YES_ERROR;
				GCC_WARN_UNDECLARED_SELECTOR = YES;
				GCC_WARN_UNINITIALIZED_AUTOS = YES_AGGRESSIVE;
				GCC_WARN_UNUSED_FUNCTION = YES;
				GCC_WARN_UNUSED_VARIABLE = YES;
				IPHONEOS_DEPLOYMENT_TARGET = 16.1;
				MTL_ENABLE_DEBUG_INFO = NO;
				MTL_FAST_MATH = YES;
				SDKROOT = iphoneos;
				SWIFT_COMPILATION_MODE = wholemodule;
				SWIFT_OPTIMIZATION_LEVEL = "-O";
				VALIDATE_PRODUCT = YES;
			};
			name = Release;
		};
		054F9E28294E3BAC00086085 /* Debug */ = {
			isa = XCBuildConfiguration;
			buildSettings = {
				ASSETCATALOG_COMPILER_APPICON_NAME = AppIcon;
				ASSETCATALOG_COMPILER_GLOBAL_ACCENT_COLOR_NAME = AccentColor;
				CODE_SIGN_STYLE = Automatic;
				CURRENT_PROJECT_VERSION = 1;
				GENERATE_INFOPLIST_FILE = YES;
				INFOPLIST_FILE = MapApplication/Info.plist;
				INFOPLIST_KEY_NSLocationWhenInUseUsageDescription = "location request";
				INFOPLIST_KEY_UIApplicationSupportsIndirectInputEvents = YES;
				INFOPLIST_KEY_UILaunchStoryboardName = LaunchScreen;
				INFOPLIST_KEY_UIMainStoryboardFile = Main;
				INFOPLIST_KEY_UISupportedInterfaceOrientations_iPad = "UIInterfaceOrientationPortrait UIInterfaceOrientationPortraitUpsideDown UIInterfaceOrientationLandscapeLeft UIInterfaceOrientationLandscapeRight";
				INFOPLIST_KEY_UISupportedInterfaceOrientations_iPhone = "UIInterfaceOrientationPortrait UIInterfaceOrientationLandscapeLeft UIInterfaceOrientationLandscapeRight";
				LD_RUNPATH_SEARCH_PATHS = (
					"$(inherited)",
					"@executable_path/Frameworks",
				);
				MARKETING_VERSION = 1.0;
				PRODUCT_BUNDLE_IDENTIFIER = "Hu-dahan-Altun.MapApplication";
				PRODUCT_NAME = "$(TARGET_NAME)";
				SWIFT_EMIT_LOC_STRINGS = YES;
				SWIFT_VERSION = 5.0;
				TARGETED_DEVICE_FAMILY = "1,2";
			};
			name = Debug;
		};
		054F9E29294E3BAC00086085 /* Release */ = {
			isa = XCBuildConfiguration;
			buildSettings = {
				ASSETCATALOG_COMPILER_APPICON_NAME = AppIcon;
				ASSETCATALOG_COMPILER_GLOBAL_ACCENT_COLOR_NAME = AccentColor;
				CODE_SIGN_STYLE = Automatic;
				CURRENT_PROJECT_VERSION = 1;
				GENERATE_INFOPLIST_FILE = YES;
				INFOPLIST_FILE = MapApplication/Info.plist;
				INFOPLIST_KEY_NSLocationWhenInUseUsageDescription = "location request";
				INFOPLIST_KEY_UIApplicationSupportsIndirectInputEvents = YES;
				INFOPLIST_KEY_UILaunchStoryboardName = LaunchScreen;
				INFOPLIST_KEY_UIMainStoryboardFile = Main;
				INFOPLIST_KEY_UISupportedInterfaceOrientations_iPad = "UIInterfaceOrientationPortrait UIInterfaceOrientationPortraitUpsideDown UIInterfaceOrientationLandscapeLeft UIInterfaceOrientationLandscapeRight";
				INFOPLIST_KEY_UISupportedInterfaceOrientations_iPhone = "UIInterfaceOrientationPortrait UIInterfaceOrientationLandscapeLeft UIInterfaceOrientationLandscapeRight";
				LD_RUNPATH_SEARCH_PATHS = (
					"$(inherited)",
					"@executable_path/Frameworks",
				);
				MARKETING_VERSION = 1.0;
				PRODUCT_BUNDLE_IDENTIFIER = "Hu-dahan-Altun.MapApplication";
				PRODUCT_NAME = "$(TARGET_NAME)";
				SWIFT_EMIT_LOC_STRINGS = YES;
				SWIFT_VERSION = 5.0;
				TARGETED_DEVICE_FAMILY = "1,2";
			};
			name = Release;
		};
		054F9E2B294E3BAC00086085 /* Debug */ = {
			isa = XCBuildConfiguration;
			buildSettings = {
				ALWAYS_EMBED_SWIFT_STANDARD_LIBRARIES = YES;
				BUNDLE_LOADER = "$(TEST_HOST)";
				CODE_SIGN_STYLE = Automatic;
				CURRENT_PROJECT_VERSION = 1;
				GENERATE_INFOPLIST_FILE = YES;
				IPHONEOS_DEPLOYMENT_TARGET = 16.1;
				MARKETING_VERSION = 1.0;
				PRODUCT_BUNDLE_IDENTIFIER = "Hu-dahan-Altun.MapApplicationTests";
				PRODUCT_NAME = "$(TARGET_NAME)";
				SWIFT_EMIT_LOC_STRINGS = NO;
				SWIFT_VERSION = 5.0;
				TARGETED_DEVICE_FAMILY = "1,2";
				TEST_HOST = "$(BUILT_PRODUCTS_DIR)/MapApplication.app/$(BUNDLE_EXECUTABLE_FOLDER_PATH)/MapApplication";
			};
			name = Debug;
		};
		054F9E2C294E3BAC00086085 /* Release */ = {
			isa = XCBuildConfiguration;
			buildSettings = {
				ALWAYS_EMBED_SWIFT_STANDARD_LIBRARIES = YES;
				BUNDLE_LOADER = "$(TEST_HOST)";
				CODE_SIGN_STYLE = Automatic;
				CURRENT_PROJECT_VERSION = 1;
				GENERATE_INFOPLIST_FILE = YES;
				IPHONEOS_DEPLOYMENT_TARGET = 16.1;
				MARKETING_VERSION = 1.0;
				PRODUCT_BUNDLE_IDENTIFIER = "Hu-dahan-Altun.MapApplicationTests";
				PRODUCT_NAME = "$(TARGET_NAME)";
				SWIFT_EMIT_LOC_STRINGS = NO;
				SWIFT_VERSION = 5.0;
				TARGETED_DEVICE_FAMILY = "1,2";
				TEST_HOST = "$(BUILT_PRODUCTS_DIR)/MapApplication.app/$(BUNDLE_EXECUTABLE_FOLDER_PATH)/MapApplication";
			};
			name = Release;
		};
		054F9E2E294E3BAC00086085 /* Debug */ = {
			isa = XCBuildConfiguration;
			buildSettings = {
				ALWAYS_EMBED_SWIFT_STANDARD_LIBRARIES = YES;
				CODE_SIGN_STYLE = Automatic;
				CURRENT_PROJECT_VERSION = 1;
				GENERATE_INFOPLIST_FILE = YES;
				MARKETING_VERSION = 1.0;
				PRODUCT_BUNDLE_IDENTIFIER = "Hu-dahan-Altun.MapApplicationUITests";
				PRODUCT_NAME = "$(TARGET_NAME)";
				SWIFT_EMIT_LOC_STRINGS = NO;
				SWIFT_VERSION = 5.0;
				TARGETED_DEVICE_FAMILY = "1,2";
				TEST_TARGET_NAME = MapApplication;
			};
			name = Debug;
		};
		054F9E2F294E3BAC00086085 /* Release */ = {
			isa = XCBuildConfiguration;
			buildSettings = {
				ALWAYS_EMBED_SWIFT_STANDARD_LIBRARIES = YES;
				CODE_SIGN_STYLE = Automatic;
				CURRENT_PROJECT_VERSION = 1;
				GENERATE_INFOPLIST_FILE = YES;
				MARKETING_VERSION = 1.0;
				PRODUCT_BUNDLE_IDENTIFIER = "Hu-dahan-Altun.MapApplicationUITests";
				PRODUCT_NAME = "$(TARGET_NAME)";
				SWIFT_EMIT_LOC_STRINGS = NO;
				SWIFT_VERSION = 5.0;
				TARGETED_DEVICE_FAMILY = "1,2";
				TEST_TARGET_NAME = MapApplication;
			};
			name = Release;
		};
/* End XCBuildConfiguration section */

/* Begin XCConfigurationList section */
		054F9DF5294E3BAB00086085 /* Build configuration list for PBXProject "MapApplication" */ = {
			isa = XCConfigurationList;
			buildConfigurations = (
				054F9E25294E3BAC00086085 /* Debug */,
				054F9E26294E3BAC00086085 /* Release */,
			);
			defaultConfigurationIsVisible = 0;
			defaultConfigurationName = Release;
		};
		054F9E27294E3BAC00086085 /* Build configuration list for PBXNativeTarget "MapApplication" */ = {
			isa = XCConfigurationList;
			buildConfigurations = (
				054F9E28294E3BAC00086085 /* Debug */,
				054F9E29294E3BAC00086085 /* Release */,
			);
			defaultConfigurationIsVisible = 0;
			defaultConfigurationName = Release;
		};
		054F9E2A294E3BAC00086085 /* Build configuration list for PBXNativeTarget "MapApplicationTests" */ = {
			isa = XCConfigurationList;
			buildConfigurations = (
				054F9E2B294E3BAC00086085 /* Debug */,
				054F9E2C294E3BAC00086085 /* Release */,
			);
			defaultConfigurationIsVisible = 0;
			defaultConfigurationName = Release;
		};
		054F9E2D294E3BAC00086085 /* Build configuration list for PBXNativeTarget "MapApplicationUITests" */ = {
			isa = XCConfigurationList;
			buildConfigurations = (
				054F9E2E294E3BAC00086085 /* Debug */,
				054F9E2F294E3BAC00086085 /* Release */,
			);
			defaultConfigurationIsVisible = 0;
			defaultConfigurationName = Release;
		};
/* End XCConfigurationList section */

/* Begin XCVersionGroup section */
		054F9E06294E3BAB00086085 /* MapApplication.xcdatamodeld */ = {
			isa = XCVersionGroup;
			children = (
				054F9E07294E3BAB00086085 /* MapApplication.xcdatamodel */,
			);
			currentVersion = 054F9E07294E3BAB00086085 /* MapApplication.xcdatamodel */;
			path = MapApplication.xcdatamodeld;
			sourceTree = "<group>";
			versionGroupType = wrapper.xcdatamodel;
		};
/* End XCVersionGroup section */
	};
	rootObject = 054F9DF2294E3BAB00086085 /* Project object */;
}
